// !$*UTF8*$!
{
	archiveVersion = 1;
	classes = {
	};
	objectVersion = 52;
	objects = {

/* Begin PBXBuildFile section */
		9213FC952882C0CB009B1DAF /* Swifter in Frameworks */ = {isa = PBXBuildFile; productRef = 9213FC942882C0CB009B1DAF /* Swifter */; };
		9213FC982882C0DC009B1DAF /* TwitterStreamService in Frameworks */ = {isa = PBXBuildFile; productRef = 9213FC972882C0DC009B1DAF /* TwitterStreamService */; };
		923B6DF426C2DC7E00171061 /* AppDelegate.swift in Sources */ = {isa = PBXBuildFile; fileRef = 923B6DF326C2DC7E00171061 /* AppDelegate.swift */; };
		923B6DF626C2DC7E00171061 /* SceneDelegate.swift in Sources */ = {isa = PBXBuildFile; fileRef = 923B6DF526C2DC7E00171061 /* SceneDelegate.swift */; };
		923B6DFE26C2DC7E00171061 /* Twitrack.xcdatamodeld in Sources */ = {isa = PBXBuildFile; fileRef = 923B6DFC26C2DC7E00171061 /* Twitrack.xcdatamodeld */; };
		923B6E0026C2DC8000171061 /* Assets.xcassets in Resources */ = {isa = PBXBuildFile; fileRef = 923B6DFF26C2DC8000171061 /* Assets.xcassets */; };
		923B6E0326C2DC8000171061 /* LaunchScreen.storyboard in Resources */ = {isa = PBXBuildFile; fileRef = 923B6E0126C2DC8000171061 /* LaunchScreen.storyboard */; };
		923B6E0E26C2DC8100171061 /* TwitrackTests.swift in Sources */ = {isa = PBXBuildFile; fileRef = 923B6E0D26C2DC8100171061 /* TwitrackTests.swift */; };
		923B6E1926C2DC8100171061 /* TwitrackUITests.swift in Sources */ = {isa = PBXBuildFile; fileRef = 923B6E1826C2DC8100171061 /* TwitrackUITests.swift */; };
		923B6E2B26C2DCE900171061 /* MainContract.swift in Sources */ = {isa = PBXBuildFile; fileRef = 923B6E2626C2DCE900171061 /* MainContract.swift */; };
		923B6E2C26C2DCE900171061 /* MainPresenter.swift in Sources */ = {isa = PBXBuildFile; fileRef = 923B6E2726C2DCE900171061 /* MainPresenter.swift */; };
		923B6E2D26C2DCE900171061 /* MainRouter.swift in Sources */ = {isa = PBXBuildFile; fileRef = 923B6E2826C2DCE900171061 /* MainRouter.swift */; };
		923B6E2E26C2DCE900171061 /* MainViewController.swift in Sources */ = {isa = PBXBuildFile; fileRef = 923B6E2926C2DCE900171061 /* MainViewController.swift */; };
		923B6E2F26C2DCE900171061 /* MainInteractor.swift in Sources */ = {isa = PBXBuildFile; fileRef = 923B6E2A26C2DCE900171061 /* MainInteractor.swift */; };
		923B6E3626C2E3D500171061 /* MainTableViewCell.swift in Sources */ = {isa = PBXBuildFile; fileRef = 923B6E3526C2E3D400171061 /* MainTableViewCell.swift */; };
		923B6E3926C2E48C00171061 /* MiscUtils.swift in Sources */ = {isa = PBXBuildFile; fileRef = 923B6E3826C2E48C00171061 /* MiscUtils.swift */; };
		923B6E3B26C2E61900171061 /* Label+DynamicFont.swift in Sources */ = {isa = PBXBuildFile; fileRef = 923B6E3A26C2E61900171061 /* Label+DynamicFont.swift */; };
		923B6E4026C2EA7E00171061 /* Constants.swift in Sources */ = {isa = PBXBuildFile; fileRef = 923B6E3F26C2EA7E00171061 /* Constants.swift */; };
		923B6E4426C2F15500171061 /* Tweet.swift in Sources */ = {isa = PBXBuildFile; fileRef = 923B6E4326C2F15500171061 /* Tweet.swift */; };
		923B6E7326C334FB00171061 /* Main.storyboard in Resources */ = {isa = PBXBuildFile; fileRef = 923B6E7226C334FB00171061 /* Main.storyboard */; };
		923B6E7526C3388D00171061 /* RandomSystemImage.swift in Sources */ = {isa = PBXBuildFile; fileRef = 923B6E7426C3388D00171061 /* RandomSystemImage.swift */; };
		923B6E7926C338D300171061 /* Date+TwitterFormat.swift in Sources */ = {isa = PBXBuildFile; fileRef = 923B6E7826C338D300171061 /* Date+TwitterFormat.swift */; };
		924C91AE26C345A100519970 /* Date+Ago.swift in Sources */ = {isa = PBXBuildFile; fileRef = 924C91A826C345A100519970 /* Date+Ago.swift */; };
		924CD44D26C4388000B2C252 /* CoreDataStack.swift in Sources */ = {isa = PBXBuildFile; fileRef = 924CD44C26C4388000B2C252 /* CoreDataStack.swift */; };
		924CD45426C438F800B2C252 /* PersistentContainer.swift in Sources */ = {isa = PBXBuildFile; fileRef = 924CD45326C438F800B2C252 /* PersistentContainer.swift */; };
		924CD45626C515C700B2C252 /* DataManager.swift in Sources */ = {isa = PBXBuildFile; fileRef = 924CD45526C515C700B2C252 /* DataManager.swift */; };
		92B8113C26C3C4CA00BF9A40 /* RegexHelper.swift in Sources */ = {isa = PBXBuildFile; fileRef = 92B8113B26C3C4CA00BF9A40 /* RegexHelper.swift */; };
		92E8FB0126C3C85F00A033A4 /* HighlightHelper.swift in Sources */ = {isa = PBXBuildFile; fileRef = 92E8FB0026C3C85F00A033A4 /* HighlightHelper.swift */; };
		92E8FB0D26C3D01E00A033A4 /* DetailsContract.swift in Sources */ = {isa = PBXBuildFile; fileRef = 92E8FB0826C3D01E00A033A4 /* DetailsContract.swift */; };
		92E8FB0E26C3D01E00A033A4 /* DetailsPresenter.swift in Sources */ = {isa = PBXBuildFile; fileRef = 92E8FB0926C3D01E00A033A4 /* DetailsPresenter.swift */; };
		92E8FB0F26C3D01E00A033A4 /* DetailsRouter.swift in Sources */ = {isa = PBXBuildFile; fileRef = 92E8FB0A26C3D01E00A033A4 /* DetailsRouter.swift */; };
		92E8FB1026C3D01E00A033A4 /* DetailsViewController.swift in Sources */ = {isa = PBXBuildFile; fileRef = 92E8FB0B26C3D01E00A033A4 /* DetailsViewController.swift */; };
		92E8FB1126C3D01E00A033A4 /* DetailsInteractor.swift in Sources */ = {isa = PBXBuildFile; fileRef = 92E8FB0C26C3D01E00A033A4 /* DetailsInteractor.swift */; };
		92E8FB2126C3D43400A033A4 /* UIStackView+Boilerplate.swift in Sources */ = {isa = PBXBuildFile; fileRef = 92E8FB2026C3D43300A033A4 /* UIStackView+Boilerplate.swift */; };
		92E8FB2526C3D6C800A033A4 /* Int+Format.swift in Sources */ = {isa = PBXBuildFile; fileRef = 92E8FB2426C3D6C800A033A4 /* Int+Format.swift */; };
		92F22CC126C56E8600808C22 /* User.swift in Sources */ = {isa = PBXBuildFile; fileRef = 92F22CC026C56E8600808C22 /* User.swift */; };
		92F22CC826C57F2500808C22 /* LocationPoint.swift in Sources */ = {isa = PBXBuildFile; fileRef = 92F22CC726C57F2400808C22 /* LocationPoint.swift */; };
		92F22CCA26C58B9800808C22 /* Double+2Significant.swift in Sources */ = {isa = PBXBuildFile; fileRef = 92F22CC926C58B9800808C22 /* Double+2Significant.swift */; };
		92F22CD026C5CB0A00808C22 /* UIImageView+Boilerplate.swift in Sources */ = {isa = PBXBuildFile; fileRef = 92F22CCF26C5CB0A00808C22 /* UIImageView+Boilerplate.swift */; };
		92F22CD226C5F00900808C22 /* MiscExtensions.swift in Sources */ = {isa = PBXBuildFile; fileRef = 92F22CD126C5F00900808C22 /* MiscExtensions.swift */; };
		92F22CD426C5F64C00808C22 /* OrientationHelper.swift in Sources */ = {isa = PBXBuildFile; fileRef = 92F22CD326C5F64C00808C22 /* OrientationHelper.swift */; };
		92F22CD926C6158F00808C22 /* TweetDB+CoreDataProperties.swift in Sources */ = {isa = PBXBuildFile; fileRef = 92F22CD526C6158E00808C22 /* TweetDB+CoreDataProperties.swift */; };
		92F22CDA26C6158F00808C22 /* UserDB+CoreDataProperties.swift in Sources */ = {isa = PBXBuildFile; fileRef = 92F22CD626C6158E00808C22 /* UserDB+CoreDataProperties.swift */; };
		92F22CDB26C6158F00808C22 /* UserDB+CoreDataClass.swift in Sources */ = {isa = PBXBuildFile; fileRef = 92F22CD726C6158E00808C22 /* UserDB+CoreDataClass.swift */; };
		92F22CDC26C6158F00808C22 /* TweetDB+CoreDataClass.swift in Sources */ = {isa = PBXBuildFile; fileRef = 92F22CD826C6158E00808C22 /* TweetDB+CoreDataClass.swift */; };
		92F22D0126C6239A00808C22 /* AuthHelper.swift in Sources */ = {isa = PBXBuildFile; fileRef = 923B6E5326C318C900171061 /* AuthHelper.swift */; };
		92F22D0226C6239A00808C22 /* SwifterAuthHelper.swift in Sources */ = {isa = PBXBuildFile; fileRef = 923B6E6E26C31E7A00171061 /* SwifterAuthHelper.swift */; };
		92F22D1D26C624BD00808C22 /* AuthViewController.swift in Sources */ = {isa = PBXBuildFile; fileRef = 923B6E7026C331F500171061 /* AuthViewController.swift */; };
/* End PBXBuildFile section */

/* Begin PBXContainerItemProxy section */
		923B6E0A26C2DC8100171061 /* PBXContainerItemProxy */ = {
			isa = PBXContainerItemProxy;
			containerPortal = 923B6DE826C2DC7E00171061 /* Project object */;
			proxyType = 1;
			remoteGlobalIDString = 923B6DEF26C2DC7E00171061;
			remoteInfo = Twitrack;
		};
		923B6E1526C2DC8100171061 /* PBXContainerItemProxy */ = {
			isa = PBXContainerItemProxy;
			containerPortal = 923B6DE826C2DC7E00171061 /* Project object */;
			proxyType = 1;
			remoteGlobalIDString = 923B6DEF26C2DC7E00171061;
			remoteInfo = Twitrack;
		};
/* End PBXContainerItemProxy section */

/* Begin PBXCopyFilesBuildPhase section */
		923B6E6A26C3196800171061 /* Embed Frameworks */ = {
			isa = PBXCopyFilesBuildPhase;
			buildActionMask = 2147483647;
			dstPath = "";
			dstSubfolderSpec = 10;
			files = (
			);
			name = "Embed Frameworks";
			runOnlyForDeploymentPostprocessing = 0;
		};
/* End PBXCopyFilesBuildPhase section */

/* Begin PBXFileReference section */
		923B6DF026C2DC7E00171061 /* Twitrack.app */ = {isa = PBXFileReference; explicitFileType = wrapper.application; includeInIndex = 0; path = Twitrack.app; sourceTree = BUILT_PRODUCTS_DIR; };
		923B6DF326C2DC7E00171061 /* AppDelegate.swift */ = {isa = PBXFileReference; lastKnownFileType = sourcecode.swift; path = AppDelegate.swift; sourceTree = "<group>"; };
		923B6DF526C2DC7E00171061 /* SceneDelegate.swift */ = {isa = PBXFileReference; lastKnownFileType = sourcecode.swift; path = SceneDelegate.swift; sourceTree = "<group>"; };
		923B6DFD26C2DC7E00171061 /* Twitrack.xcdatamodel */ = {isa = PBXFileReference; lastKnownFileType = wrapper.xcdatamodel; path = Twitrack.xcdatamodel; sourceTree = "<group>"; };
		923B6DFF26C2DC8000171061 /* Assets.xcassets */ = {isa = PBXFileReference; lastKnownFileType = folder.assetcatalog; path = Assets.xcassets; sourceTree = "<group>"; };
		923B6E0226C2DC8000171061 /* Base */ = {isa = PBXFileReference; lastKnownFileType = file.storyboard; name = Base; path = Base.lproj/LaunchScreen.storyboard; sourceTree = "<group>"; };
		923B6E0426C2DC8000171061 /* Info.plist */ = {isa = PBXFileReference; lastKnownFileType = text.plist.xml; path = Info.plist; sourceTree = "<group>"; };
		923B6E0926C2DC8000171061 /* TwitrackTests.xctest */ = {isa = PBXFileReference; explicitFileType = wrapper.cfbundle; includeInIndex = 0; path = TwitrackTests.xctest; sourceTree = BUILT_PRODUCTS_DIR; };
		923B6E0D26C2DC8100171061 /* TwitrackTests.swift */ = {isa = PBXFileReference; lastKnownFileType = sourcecode.swift; path = TwitrackTests.swift; sourceTree = "<group>"; };
		923B6E0F26C2DC8100171061 /* Info.plist */ = {isa = PBXFileReference; lastKnownFileType = text.plist.xml; path = Info.plist; sourceTree = "<group>"; };
		923B6E1426C2DC8100171061 /* TwitrackUITests.xctest */ = {isa = PBXFileReference; explicitFileType = wrapper.cfbundle; includeInIndex = 0; path = TwitrackUITests.xctest; sourceTree = BUILT_PRODUCTS_DIR; };
		923B6E1826C2DC8100171061 /* TwitrackUITests.swift */ = {isa = PBXFileReference; lastKnownFileType = sourcecode.swift; path = TwitrackUITests.swift; sourceTree = "<group>"; };
		923B6E1A26C2DC8100171061 /* Info.plist */ = {isa = PBXFileReference; lastKnownFileType = text.plist.xml; path = Info.plist; sourceTree = "<group>"; };
		923B6E2626C2DCE900171061 /* MainContract.swift */ = {isa = PBXFileReference; lastKnownFileType = sourcecode.swift; path = MainContract.swift; sourceTree = "<group>"; };
		923B6E2726C2DCE900171061 /* MainPresenter.swift */ = {isa = PBXFileReference; lastKnownFileType = sourcecode.swift; path = MainPresenter.swift; sourceTree = "<group>"; };
		923B6E2826C2DCE900171061 /* MainRouter.swift */ = {isa = PBXFileReference; lastKnownFileType = sourcecode.swift; path = MainRouter.swift; sourceTree = "<group>"; };
		923B6E2926C2DCE900171061 /* MainViewController.swift */ = {isa = PBXFileReference; lastKnownFileType = sourcecode.swift; path = MainViewController.swift; sourceTree = "<group>"; };
		923B6E2A26C2DCE900171061 /* MainInteractor.swift */ = {isa = PBXFileReference; lastKnownFileType = sourcecode.swift; path = MainInteractor.swift; sourceTree = "<group>"; };
		923B6E3526C2E3D400171061 /* MainTableViewCell.swift */ = {isa = PBXFileReference; fileEncoding = 4; lastKnownFileType = sourcecode.swift; path = MainTableViewCell.swift; sourceTree = "<group>"; };
		923B6E3826C2E48C00171061 /* MiscUtils.swift */ = {isa = PBXFileReference; fileEncoding = 4; lastKnownFileType = sourcecode.swift; path = MiscUtils.swift; sourceTree = "<group>"; };
		923B6E3A26C2E61900171061 /* Label+DynamicFont.swift */ = {isa = PBXFileReference; fileEncoding = 4; lastKnownFileType = sourcecode.swift; path = "Label+DynamicFont.swift"; sourceTree = "<group>"; };
		923B6E3F26C2EA7E00171061 /* Constants.swift */ = {isa = PBXFileReference; lastKnownFileType = sourcecode.swift; path = Constants.swift; sourceTree = "<group>"; };
		923B6E4326C2F15500171061 /* Tweet.swift */ = {isa = PBXFileReference; lastKnownFileType = sourcecode.swift; path = Tweet.swift; sourceTree = "<group>"; };
		923B6E5326C318C900171061 /* AuthHelper.swift */ = {isa = PBXFileReference; fileEncoding = 4; lastKnownFileType = sourcecode.swift; path = AuthHelper.swift; sourceTree = "<group>"; };
		923B6E6E26C31E7A00171061 /* SwifterAuthHelper.swift */ = {isa = PBXFileReference; lastKnownFileType = sourcecode.swift; path = SwifterAuthHelper.swift; sourceTree = "<group>"; };
		923B6E7026C331F500171061 /* AuthViewController.swift */ = {isa = PBXFileReference; lastKnownFileType = sourcecode.swift; path = AuthViewController.swift; sourceTree = "<group>"; };
		923B6E7226C334FB00171061 /* Main.storyboard */ = {isa = PBXFileReference; lastKnownFileType = file.storyboard; path = Main.storyboard; sourceTree = "<group>"; };
		923B6E7426C3388D00171061 /* RandomSystemImage.swift */ = {isa = PBXFileReference; fileEncoding = 4; lastKnownFileType = sourcecode.swift; path = RandomSystemImage.swift; sourceTree = "<group>"; };
		923B6E7826C338D300171061 /* Date+TwitterFormat.swift */ = {isa = PBXFileReference; fileEncoding = 4; lastKnownFileType = sourcecode.swift; path = "Date+TwitterFormat.swift"; sourceTree = "<group>"; };
		924C91A826C345A100519970 /* Date+Ago.swift */ = {isa = PBXFileReference; fileEncoding = 4; lastKnownFileType = sourcecode.swift; path = "Date+Ago.swift"; sourceTree = "<group>"; };
		924CD44C26C4388000B2C252 /* CoreDataStack.swift */ = {isa = PBXFileReference; lastKnownFileType = sourcecode.swift; path = CoreDataStack.swift; sourceTree = "<group>"; };
		924CD45326C438F800B2C252 /* PersistentContainer.swift */ = {isa = PBXFileReference; lastKnownFileType = sourcecode.swift; path = PersistentContainer.swift; sourceTree = "<group>"; };
		924CD45526C515C700B2C252 /* DataManager.swift */ = {isa = PBXFileReference; lastKnownFileType = sourcecode.swift; path = DataManager.swift; sourceTree = "<group>"; };
		92B8113B26C3C4CA00BF9A40 /* RegexHelper.swift */ = {isa = PBXFileReference; lastKnownFileType = sourcecode.swift; path = RegexHelper.swift; sourceTree = "<group>"; };
		92E8FB0026C3C85F00A033A4 /* HighlightHelper.swift */ = {isa = PBXFileReference; lastKnownFileType = sourcecode.swift; path = HighlightHelper.swift; sourceTree = "<group>"; };
		92E8FB0826C3D01E00A033A4 /* DetailsContract.swift */ = {isa = PBXFileReference; lastKnownFileType = sourcecode.swift; path = DetailsContract.swift; sourceTree = "<group>"; };
		92E8FB0926C3D01E00A033A4 /* DetailsPresenter.swift */ = {isa = PBXFileReference; lastKnownFileType = sourcecode.swift; path = DetailsPresenter.swift; sourceTree = "<group>"; };
		92E8FB0A26C3D01E00A033A4 /* DetailsRouter.swift */ = {isa = PBXFileReference; lastKnownFileType = sourcecode.swift; path = DetailsRouter.swift; sourceTree = "<group>"; };
		92E8FB0B26C3D01E00A033A4 /* DetailsViewController.swift */ = {isa = PBXFileReference; lastKnownFileType = sourcecode.swift; path = DetailsViewController.swift; sourceTree = "<group>"; };
		92E8FB0C26C3D01E00A033A4 /* DetailsInteractor.swift */ = {isa = PBXFileReference; lastKnownFileType = sourcecode.swift; path = DetailsInteractor.swift; sourceTree = "<group>"; };
		92E8FB2026C3D43300A033A4 /* UIStackView+Boilerplate.swift */ = {isa = PBXFileReference; fileEncoding = 4; lastKnownFileType = sourcecode.swift; path = "UIStackView+Boilerplate.swift"; sourceTree = "<group>"; };
		92E8FB2426C3D6C800A033A4 /* Int+Format.swift */ = {isa = PBXFileReference; fileEncoding = 4; lastKnownFileType = sourcecode.swift; path = "Int+Format.swift"; sourceTree = "<group>"; };
		92F22CC026C56E8600808C22 /* User.swift */ = {isa = PBXFileReference; lastKnownFileType = sourcecode.swift; path = User.swift; sourceTree = "<group>"; };
		92F22CC726C57F2400808C22 /* LocationPoint.swift */ = {isa = PBXFileReference; lastKnownFileType = sourcecode.swift; path = LocationPoint.swift; sourceTree = "<group>"; };
		92F22CC926C58B9800808C22 /* Double+2Significant.swift */ = {isa = PBXFileReference; lastKnownFileType = sourcecode.swift; path = "Double+2Significant.swift"; sourceTree = "<group>"; };
		92F22CCF26C5CB0A00808C22 /* UIImageView+Boilerplate.swift */ = {isa = PBXFileReference; lastKnownFileType = sourcecode.swift; path = "UIImageView+Boilerplate.swift"; sourceTree = "<group>"; };
		92F22CD126C5F00900808C22 /* MiscExtensions.swift */ = {isa = PBXFileReference; lastKnownFileType = sourcecode.swift; path = MiscExtensions.swift; sourceTree = "<group>"; };
		92F22CD326C5F64C00808C22 /* OrientationHelper.swift */ = {isa = PBXFileReference; lastKnownFileType = sourcecode.swift; path = OrientationHelper.swift; sourceTree = "<group>"; };
		92F22CD526C6158E00808C22 /* TweetDB+CoreDataProperties.swift */ = {isa = PBXFileReference; fileEncoding = 4; lastKnownFileType = sourcecode.swift; path = "TweetDB+CoreDataProperties.swift"; sourceTree = "<group>"; };
		92F22CD626C6158E00808C22 /* UserDB+CoreDataProperties.swift */ = {isa = PBXFileReference; fileEncoding = 4; lastKnownFileType = sourcecode.swift; path = "UserDB+CoreDataProperties.swift"; sourceTree = "<group>"; };
		92F22CD726C6158E00808C22 /* UserDB+CoreDataClass.swift */ = {isa = PBXFileReference; fileEncoding = 4; lastKnownFileType = sourcecode.swift; path = "UserDB+CoreDataClass.swift"; sourceTree = "<group>"; };
		92F22CD826C6158E00808C22 /* TweetDB+CoreDataClass.swift */ = {isa = PBXFileReference; fileEncoding = 4; lastKnownFileType = sourcecode.swift; path = "TweetDB+CoreDataClass.swift"; sourceTree = "<group>"; };
/* End PBXFileReference section */

/* Begin PBXFrameworksBuildPhase section */
		923B6DED26C2DC7E00171061 /* Frameworks */ = {
			isa = PBXFrameworksBuildPhase;
			buildActionMask = 2147483647;
			files = (
				9213FC982882C0DC009B1DAF /* TwitterStreamService in Frameworks */,
				9213FC952882C0CB009B1DAF /* Swifter in Frameworks */,
			);
			runOnlyForDeploymentPostprocessing = 0;
		};
		923B6E0626C2DC8000171061 /* Frameworks */ = {
			isa = PBXFrameworksBuildPhase;
			buildActionMask = 2147483647;
			files = (
			);
			runOnlyForDeploymentPostprocessing = 0;
		};
		923B6E1126C2DC8100171061 /* Frameworks */ = {
			isa = PBXFrameworksBuildPhase;
			buildActionMask = 2147483647;
			files = (
			);
			runOnlyForDeploymentPostprocessing = 0;
		};
/* End PBXFrameworksBuildPhase section */

/* Begin PBXGroup section */
		923B6DE726C2DC7E00171061 = {
			isa = PBXGroup;
			children = (
				923B6DF226C2DC7E00171061 /* Twitrack */,
				923B6E0C26C2DC8100171061 /* TwitrackTests */,
				923B6E1726C2DC8100171061 /* TwitrackUITests */,
				923B6DF126C2DC7E00171061 /* Products */,
				923B6E6726C3196800171061 /* Frameworks */,
			);
			sourceTree = "<group>";
		};
		923B6DF126C2DC7E00171061 /* Products */ = {
			isa = PBXGroup;
			children = (
				923B6DF026C2DC7E00171061 /* Twitrack.app */,
				923B6E0926C2DC8000171061 /* TwitrackTests.xctest */,
				923B6E1426C2DC8100171061 /* TwitrackUITests.xctest */,
			);
			name = Products;
			sourceTree = "<group>";
		};
		923B6DF226C2DC7E00171061 /* Twitrack */ = {
			isa = PBXGroup;
			children = (
				923B6E3C26C2E9CB00171061 /* Services */,
				923B6E3726C2E48400171061 /* Misc */,
				923B6E3226C2DE7700171061 /* App */,
				923B6E3326C2DE8400171061 /* Supporting Files */,
				923B6E3426C2DEA700171061 /* Data */,
				923B6E3126C2DCFB00171061 /* Modules */,
			);
			path = Twitrack;
			sourceTree = "<group>";
		};
		923B6E0C26C2DC8100171061 /* TwitrackTests */ = {
			isa = PBXGroup;
			children = (
				923B6E0D26C2DC8100171061 /* TwitrackTests.swift */,
				923B6E0F26C2DC8100171061 /* Info.plist */,
			);
			path = TwitrackTests;
			sourceTree = "<group>";
		};
		923B6E1726C2DC8100171061 /* TwitrackUITests */ = {
			isa = PBXGroup;
			children = (
				923B6E1826C2DC8100171061 /* TwitrackUITests.swift */,
				923B6E1A26C2DC8100171061 /* Info.plist */,
			);
			path = TwitrackUITests;
			sourceTree = "<group>";
		};
		923B6E3026C2DCF300171061 /* Main */ = {
			isa = PBXGroup;
			children = (
				923B6E2626C2DCE900171061 /* MainContract.swift */,
				923B6E2726C2DCE900171061 /* MainPresenter.swift */,
				923B6E2826C2DCE900171061 /* MainRouter.swift */,
				923B6E2926C2DCE900171061 /* MainViewController.swift */,
				923B6E3526C2E3D400171061 /* MainTableViewCell.swift */,
				923B6E2A26C2DCE900171061 /* MainInteractor.swift */,
			);
			path = Main;
			sourceTree = "<group>";
		};
		923B6E3126C2DCFB00171061 /* Modules */ = {
			isa = PBXGroup;
			children = (
				923B6E3026C2DCF300171061 /* Main */,
				92E8FB1726C3D02600A033A4 /* Details */,
			);
			path = Modules;
			sourceTree = "<group>";
		};
		923B6E3226C2DE7700171061 /* App */ = {
			isa = PBXGroup;
			children = (
				923B6DF326C2DC7E00171061 /* AppDelegate.swift */,
				923B6DF526C2DC7E00171061 /* SceneDelegate.swift */,
			);
			path = App;
			sourceTree = "<group>";
		};
		923B6E3326C2DE8400171061 /* Supporting Files */ = {
			isa = PBXGroup;
			children = (
				923B6DFF26C2DC8000171061 /* Assets.xcassets */,
				923B6E0126C2DC8000171061 /* LaunchScreen.storyboard */,
				923B6E0426C2DC8000171061 /* Info.plist */,
				923B6E7226C334FB00171061 /* Main.storyboard */,
			);
			path = "Supporting Files";
			sourceTree = "<group>";
		};
		923B6E3426C2DEA700171061 /* Data */ = {
			isa = PBXGroup;
			children = (
				924CD44C26C4388000B2C252 /* CoreDataStack.swift */,
				924CD45526C515C700B2C252 /* DataManager.swift */,
				92F22CC726C57F2400808C22 /* LocationPoint.swift */,
				924CD45326C438F800B2C252 /* PersistentContainer.swift */,
				923B6E4326C2F15500171061 /* Tweet.swift */,
				92F22CD826C6158E00808C22 /* TweetDB+CoreDataClass.swift */,
				92F22CD526C6158E00808C22 /* TweetDB+CoreDataProperties.swift */,
				923B6DFC26C2DC7E00171061 /* Twitrack.xcdatamodeld */,
				92F22CC026C56E8600808C22 /* User.swift */,
				92F22CD726C6158E00808C22 /* UserDB+CoreDataClass.swift */,
				92F22CD626C6158E00808C22 /* UserDB+CoreDataProperties.swift */,
			);
			path = Data;
			sourceTree = "<group>";
		};
		923B6E3726C2E48400171061 /* Misc */ = {
			isa = PBXGroup;
			children = (
				923B6E3F26C2EA7E00171061 /* Constants.swift */,
				924C91A826C345A100519970 /* Date+Ago.swift */,
				923B6E7826C338D300171061 /* Date+TwitterFormat.swift */,
				92F22CC926C58B9800808C22 /* Double+2Significant.swift */,
				92E8FB0026C3C85F00A033A4 /* HighlightHelper.swift */,
				92E8FB2426C3D6C800A033A4 /* Int+Format.swift */,
				923B6E3A26C2E61900171061 /* Label+DynamicFont.swift */,
				92F22CD126C5F00900808C22 /* MiscExtensions.swift */,
				923B6E3826C2E48C00171061 /* MiscUtils.swift */,
				92F22CD326C5F64C00808C22 /* OrientationHelper.swift */,
				923B6E7426C3388D00171061 /* RandomSystemImage.swift */,
				92B8113B26C3C4CA00BF9A40 /* RegexHelper.swift */,
				92F22CCF26C5CB0A00808C22 /* UIImageView+Boilerplate.swift */,
			);
			path = Misc;
			sourceTree = "<group>";
		};
		923B6E3C26C2E9CB00171061 /* Services */ = {
			isa = PBXGroup;
			children = (
				923B6E5326C318C900171061 /* AuthHelper.swift */,
				923B6E7026C331F500171061 /* AuthViewController.swift */,
				923B6E6E26C31E7A00171061 /* SwifterAuthHelper.swift */,
			);
			path = Services;
			sourceTree = "<group>";
		};
		923B6E6726C3196800171061 /* Frameworks */ = {
			isa = PBXGroup;
			children = (
			);
			name = Frameworks;
			sourceTree = "<group>";
		};
		92E8FB1726C3D02600A033A4 /* Details */ = {
			isa = PBXGroup;
			children = (
				92E8FB0826C3D01E00A033A4 /* DetailsContract.swift */,
				92E8FB0926C3D01E00A033A4 /* DetailsPresenter.swift */,
				92E8FB0A26C3D01E00A033A4 /* DetailsRouter.swift */,
				92E8FB0B26C3D01E00A033A4 /* DetailsViewController.swift */,
				92E8FB0C26C3D01E00A033A4 /* DetailsInteractor.swift */,
				92E8FB2026C3D43300A033A4 /* UIStackView+Boilerplate.swift */,
			);
			path = Details;
			sourceTree = "<group>";
		};
/* End PBXGroup section */

/* Begin PBXNativeTarget section */
		923B6DEF26C2DC7E00171061 /* Twitrack */ = {
			isa = PBXNativeTarget;
			buildConfigurationList = 923B6E1D26C2DC8100171061 /* Build configuration list for PBXNativeTarget "Twitrack" */;
			buildPhases = (
				9218DC87288307B3008844D2 /* ShellScript */,
				923B6DEC26C2DC7E00171061 /* Sources */,
				923B6DED26C2DC7E00171061 /* Frameworks */,
				923B6DEE26C2DC7E00171061 /* Resources */,
				923B6E6A26C3196800171061 /* Embed Frameworks */,
			);
			buildRules = (
			);
			dependencies = (
			);
			name = Twitrack;
			packageProductDependencies = (
				9213FC942882C0CB009B1DAF /* Swifter */,
				9213FC972882C0DC009B1DAF /* TwitterStreamService */,
			);
			productName = Twitrack;
			productReference = 923B6DF026C2DC7E00171061 /* Twitrack.app */;
			productType = "com.apple.product-type.application";
		};
		923B6E0826C2DC8000171061 /* TwitrackTests */ = {
			isa = PBXNativeTarget;
			buildConfigurationList = 923B6E2026C2DC8100171061 /* Build configuration list for PBXNativeTarget "TwitrackTests" */;
			buildPhases = (
				923B6E0526C2DC8000171061 /* Sources */,
				923B6E0626C2DC8000171061 /* Frameworks */,
				923B6E0726C2DC8000171061 /* Resources */,
			);
			buildRules = (
			);
			dependencies = (
				923B6E0B26C2DC8100171061 /* PBXTargetDependency */,
			);
			name = TwitrackTests;
			productName = TwitrackTests;
			productReference = 923B6E0926C2DC8000171061 /* TwitrackTests.xctest */;
			productType = "com.apple.product-type.bundle.unit-test";
		};
		923B6E1326C2DC8100171061 /* TwitrackUITests */ = {
			isa = PBXNativeTarget;
			buildConfigurationList = 923B6E2326C2DC8100171061 /* Build configuration list for PBXNativeTarget "TwitrackUITests" */;
			buildPhases = (
				923B6E1026C2DC8100171061 /* Sources */,
				923B6E1126C2DC8100171061 /* Frameworks */,
				923B6E1226C2DC8100171061 /* Resources */,
			);
			buildRules = (
			);
			dependencies = (
				923B6E1626C2DC8100171061 /* PBXTargetDependency */,
			);
			name = TwitrackUITests;
			productName = TwitrackUITests;
			productReference = 923B6E1426C2DC8100171061 /* TwitrackUITests.xctest */;
			productType = "com.apple.product-type.bundle.ui-testing";
		};
/* End PBXNativeTarget section */

/* Begin PBXProject section */
		923B6DE826C2DC7E00171061 /* Project object */ = {
			isa = PBXProject;
			attributes = {
				LastSwiftUpdateCheck = 1250;
				LastUpgradeCheck = 1250;
				TargetAttributes = {
					923B6DEF26C2DC7E00171061 = {
						CreatedOnToolsVersion = 12.5;
					};
					923B6E0826C2DC8000171061 = {
						CreatedOnToolsVersion = 12.5;
						TestTargetID = 923B6DEF26C2DC7E00171061;
					};
					923B6E1326C2DC8100171061 = {
						CreatedOnToolsVersion = 12.5;
						TestTargetID = 923B6DEF26C2DC7E00171061;
					};
				};
			};
			buildConfigurationList = 923B6DEB26C2DC7E00171061 /* Build configuration list for PBXProject "Twitrack" */;
			compatibilityVersion = "Xcode 9.3";
			developmentRegion = en;
			hasScannedForEncodings = 0;
			knownRegions = (
				en,
				Base,
			);
			mainGroup = 923B6DE726C2DC7E00171061;
			packageReferences = (
				9213FC932882C0CB009B1DAF /* XCRemoteSwiftPackageReference "Swifter" */,
				9213FC962882C0DC009B1DAF /* XCRemoteSwiftPackageReference "TwitterStreamService" */,
			);
			productRefGroup = 923B6DF126C2DC7E00171061 /* Products */;
			projectDirPath = "";
			projectRoot = "";
			targets = (
				923B6DEF26C2DC7E00171061 /* Twitrack */,
				923B6E0826C2DC8000171061 /* TwitrackTests */,
				923B6E1326C2DC8100171061 /* TwitrackUITests */,
			);
		};
/* End PBXProject section */

/* Begin PBXResourcesBuildPhase section */
		923B6DEE26C2DC7E00171061 /* Resources */ = {
			isa = PBXResourcesBuildPhase;
			buildActionMask = 2147483647;
			files = (
				923B6E7326C334FB00171061 /* Main.storyboard in Resources */,
				923B6E0326C2DC8000171061 /* LaunchScreen.storyboard in Resources */,
				923B6E0026C2DC8000171061 /* Assets.xcassets in Resources */,
			);
			runOnlyForDeploymentPostprocessing = 0;
		};
		923B6E0726C2DC8000171061 /* Resources */ = {
			isa = PBXResourcesBuildPhase;
			buildActionMask = 2147483647;
			files = (
			);
			runOnlyForDeploymentPostprocessing = 0;
		};
		923B6E1226C2DC8100171061 /* Resources */ = {
			isa = PBXResourcesBuildPhase;
			buildActionMask = 2147483647;
			files = (
			);
			runOnlyForDeploymentPostprocessing = 0;
		};
/* End PBXResourcesBuildPhase section */

/* Begin PBXShellScriptBuildPhase section */
		9218DC87288307B3008844D2 /* ShellScript */ = {
			isa = PBXShellScriptBuildPhase;
			buildActionMask = 2147483647;
			files = (
			);
			inputFileListPaths = (
			);
			inputPaths = (
			);
			outputFileListPaths = (
			);
			outputPaths = (
			);
			runOnlyForDeploymentPostprocessing = 0;
			shellPath = /bin/sh;
			shellScript = "buildNumber=$(git rev-list --count HEAD)\n/usr/libexec/PlistBuddy -c \"Set :CFBundleVersion $buildNumber\" \"${PROJECT_DIR}/${INFOPLIST_FILE}\"\n";
		};
/* End PBXShellScriptBuildPhase section */

/* Begin PBXSourcesBuildPhase section */
		923B6DEC26C2DC7E00171061 /* Sources */ = {
			isa = PBXSourcesBuildPhase;
			buildActionMask = 2147483647;
			files = (
				92F22CD226C5F00900808C22 /* MiscExtensions.swift in Sources */,
				92F22D1D26C624BD00808C22 /* AuthViewController.swift in Sources */,
				92E8FB2526C3D6C800A033A4 /* Int+Format.swift in Sources */,
				923B6E2E26C2DCE900171061 /* MainViewController.swift in Sources */,
				923B6E3B26C2E61900171061 /* Label+DynamicFont.swift in Sources */,
				923B6E3626C2E3D500171061 /* MainTableViewCell.swift in Sources */,
				923B6E2C26C2DCE900171061 /* MainPresenter.swift in Sources */,
				923B6E2B26C2DCE900171061 /* MainContract.swift in Sources */,
				92B8113C26C3C4CA00BF9A40 /* RegexHelper.swift in Sources */,
				92F22D0226C6239A00808C22 /* SwifterAuthHelper.swift in Sources */,
				92E8FB1026C3D01E00A033A4 /* DetailsViewController.swift in Sources */,
				92F22CDB26C6158F00808C22 /* UserDB+CoreDataClass.swift in Sources */,
				92F22CD026C5CB0A00808C22 /* UIImageView+Boilerplate.swift in Sources */,
				92F22D0126C6239A00808C22 /* AuthHelper.swift in Sources */,
				923B6E7526C3388D00171061 /* RandomSystemImage.swift in Sources */,
				92E8FB0D26C3D01E00A033A4 /* DetailsContract.swift in Sources */,
				923B6E4426C2F15500171061 /* Tweet.swift in Sources */,
				923B6DF426C2DC7E00171061 /* AppDelegate.swift in Sources */,
				924CD44D26C4388000B2C252 /* CoreDataStack.swift in Sources */,
				92F22CD426C5F64C00808C22 /* OrientationHelper.swift in Sources */,
				923B6E3926C2E48C00171061 /* MiscUtils.swift in Sources */,
				92F22CC126C56E8600808C22 /* User.swift in Sources */,
				923B6E4026C2EA7E00171061 /* Constants.swift in Sources */,
				92E8FB0E26C3D01E00A033A4 /* DetailsPresenter.swift in Sources */,
				923B6DFE26C2DC7E00171061 /* Twitrack.xcdatamodeld in Sources */,
				923B6DF626C2DC7E00171061 /* SceneDelegate.swift in Sources */,
				92F22CCA26C58B9800808C22 /* Double+2Significant.swift in Sources */,
				92F22CDC26C6158F00808C22 /* TweetDB+CoreDataClass.swift in Sources */,
				923B6E2D26C2DCE900171061 /* MainRouter.swift in Sources */,
				92E8FB1126C3D01E00A033A4 /* DetailsInteractor.swift in Sources */,
				92E8FB0F26C3D01E00A033A4 /* DetailsRouter.swift in Sources */,
				92E8FB0126C3C85F00A033A4 /* HighlightHelper.swift in Sources */,
				924CD45626C515C700B2C252 /* DataManager.swift in Sources */,
				924CD45426C438F800B2C252 /* PersistentContainer.swift in Sources */,
				92F22CC826C57F2500808C22 /* LocationPoint.swift in Sources */,
				924C91AE26C345A100519970 /* Date+Ago.swift in Sources */,
				92F22CDA26C6158F00808C22 /* UserDB+CoreDataProperties.swift in Sources */,
				923B6E7926C338D300171061 /* Date+TwitterFormat.swift in Sources */,
				92E8FB2126C3D43400A033A4 /* UIStackView+Boilerplate.swift in Sources */,
				92F22CD926C6158F00808C22 /* TweetDB+CoreDataProperties.swift in Sources */,
				923B6E2F26C2DCE900171061 /* MainInteractor.swift in Sources */,
			);
			runOnlyForDeploymentPostprocessing = 0;
		};
		923B6E0526C2DC8000171061 /* Sources */ = {
			isa = PBXSourcesBuildPhase;
			buildActionMask = 2147483647;
			files = (
				923B6E0E26C2DC8100171061 /* TwitrackTests.swift in Sources */,
			);
			runOnlyForDeploymentPostprocessing = 0;
		};
		923B6E1026C2DC8100171061 /* Sources */ = {
			isa = PBXSourcesBuildPhase;
			buildActionMask = 2147483647;
			files = (
				923B6E1926C2DC8100171061 /* TwitrackUITests.swift in Sources */,
			);
			runOnlyForDeploymentPostprocessing = 0;
		};
/* End PBXSourcesBuildPhase section */

/* Begin PBXTargetDependency section */
		923B6E0B26C2DC8100171061 /* PBXTargetDependency */ = {
			isa = PBXTargetDependency;
			target = 923B6DEF26C2DC7E00171061 /* Twitrack */;
			targetProxy = 923B6E0A26C2DC8100171061 /* PBXContainerItemProxy */;
		};
		923B6E1626C2DC8100171061 /* PBXTargetDependency */ = {
			isa = PBXTargetDependency;
			target = 923B6DEF26C2DC7E00171061 /* Twitrack */;
			targetProxy = 923B6E1526C2DC8100171061 /* PBXContainerItemProxy */;
		};
/* End PBXTargetDependency section */

/* Begin PBXVariantGroup section */
		923B6E0126C2DC8000171061 /* LaunchScreen.storyboard */ = {
			isa = PBXVariantGroup;
			children = (
				923B6E0226C2DC8000171061 /* Base */,
			);
			name = LaunchScreen.storyboard;
			sourceTree = "<group>";
		};
/* End PBXVariantGroup section */

/* Begin XCBuildConfiguration section */
		923B6E1B26C2DC8100171061 /* Debug */ = {
			isa = XCBuildConfiguration;
			buildSettings = {
				ALWAYS_SEARCH_USER_PATHS = NO;
				CLANG_ANALYZER_NONNULL = YES;
				CLANG_ANALYZER_NUMBER_OBJECT_CONVERSION = YES_AGGRESSIVE;
				CLANG_CXX_LANGUAGE_STANDARD = "gnu++14";
				CLANG_CXX_LIBRARY = "libc++";
				CLANG_ENABLE_MODULES = YES;
				CLANG_ENABLE_OBJC_ARC = YES;
				CLANG_ENABLE_OBJC_WEAK = YES;
				CLANG_WARN_BLOCK_CAPTURE_AUTORELEASING = YES;
				CLANG_WARN_BOOL_CONVERSION = YES;
				CLANG_WARN_COMMA = YES;
				CLANG_WARN_CONSTANT_CONVERSION = YES;
				CLANG_WARN_DEPRECATED_OBJC_IMPLEMENTATIONS = YES;
				CLANG_WARN_DIRECT_OBJC_ISA_USAGE = YES_ERROR;
				CLANG_WARN_DOCUMENTATION_COMMENTS = YES;
				CLANG_WARN_EMPTY_BODY = YES;
				CLANG_WARN_ENUM_CONVERSION = YES;
				CLANG_WARN_INFINITE_RECURSION = YES;
				CLANG_WARN_INT_CONVERSION = YES;
				CLANG_WARN_NON_LITERAL_NULL_CONVERSION = YES;
				CLANG_WARN_OBJC_IMPLICIT_RETAIN_SELF = YES;
				CLANG_WARN_OBJC_LITERAL_CONVERSION = YES;
				CLANG_WARN_OBJC_ROOT_CLASS = YES_ERROR;
				CLANG_WARN_QUOTED_INCLUDE_IN_FRAMEWORK_HEADER = YES;
				CLANG_WARN_RANGE_LOOP_ANALYSIS = YES;
				CLANG_WARN_STRICT_PROTOTYPES = YES;
				CLANG_WARN_SUSPICIOUS_MOVE = YES;
				CLANG_WARN_UNGUARDED_AVAILABILITY = YES_AGGRESSIVE;
				CLANG_WARN_UNREACHABLE_CODE = YES;
				CLANG_WARN__DUPLICATE_METHOD_MATCH = YES;
				COPY_PHASE_STRIP = NO;
				DEBUG_INFORMATION_FORMAT = dwarf;
				ENABLE_STRICT_OBJC_MSGSEND = YES;
				ENABLE_TESTABILITY = YES;
				GCC_C_LANGUAGE_STANDARD = gnu11;
				GCC_DYNAMIC_NO_PIC = NO;
				GCC_NO_COMMON_BLOCKS = YES;
				GCC_OPTIMIZATION_LEVEL = 0;
				GCC_PREPROCESSOR_DEFINITIONS = (
					"DEBUG=1",
					"$(inherited)",
				);
				GCC_WARN_64_TO_32_BIT_CONVERSION = YES;
				GCC_WARN_ABOUT_RETURN_TYPE = YES_ERROR;
				GCC_WARN_UNDECLARED_SELECTOR = YES;
				GCC_WARN_UNINITIALIZED_AUTOS = YES_AGGRESSIVE;
				GCC_WARN_UNUSED_FUNCTION = YES;
				GCC_WARN_UNUSED_VARIABLE = YES;
				IPHONEOS_DEPLOYMENT_TARGET = 13.0;
				MTL_ENABLE_DEBUG_INFO = INCLUDE_SOURCE;
				MTL_FAST_MATH = YES;
				ONLY_ACTIVE_ARCH = YES;
				SDKROOT = iphoneos;
				SWIFT_ACTIVE_COMPILATION_CONDITIONS = DEBUG;
				SWIFT_OPTIMIZATION_LEVEL = "-Onone";
			};
			name = Debug;
		};
		923B6E1C26C2DC8100171061 /* Release */ = {
			isa = XCBuildConfiguration;
			buildSettings = {
				ALWAYS_SEARCH_USER_PATHS = NO;
				CLANG_ANALYZER_NONNULL = YES;
				CLANG_ANALYZER_NUMBER_OBJECT_CONVERSION = YES_AGGRESSIVE;
				CLANG_CXX_LANGUAGE_STANDARD = "gnu++14";
				CLANG_CXX_LIBRARY = "libc++";
				CLANG_ENABLE_MODULES = YES;
				CLANG_ENABLE_OBJC_ARC = YES;
				CLANG_ENABLE_OBJC_WEAK = YES;
				CLANG_WARN_BLOCK_CAPTURE_AUTORELEASING = YES;
				CLANG_WARN_BOOL_CONVERSION = YES;
				CLANG_WARN_COMMA = YES;
				CLANG_WARN_CONSTANT_CONVERSION = YES;
				CLANG_WARN_DEPRECATED_OBJC_IMPLEMENTATIONS = YES;
				CLANG_WARN_DIRECT_OBJC_ISA_USAGE = YES_ERROR;
				CLANG_WARN_DOCUMENTATION_COMMENTS = YES;
				CLANG_WARN_EMPTY_BODY = YES;
				CLANG_WARN_ENUM_CONVERSION = YES;
				CLANG_WARN_INFINITE_RECURSION = YES;
				CLANG_WARN_INT_CONVERSION = YES;
				CLANG_WARN_NON_LITERAL_NULL_CONVERSION = YES;
				CLANG_WARN_OBJC_IMPLICIT_RETAIN_SELF = YES;
				CLANG_WARN_OBJC_LITERAL_CONVERSION = YES;
				CLANG_WARN_OBJC_ROOT_CLASS = YES_ERROR;
				CLANG_WARN_QUOTED_INCLUDE_IN_FRAMEWORK_HEADER = YES;
				CLANG_WARN_RANGE_LOOP_ANALYSIS = YES;
				CLANG_WARN_STRICT_PROTOTYPES = YES;
				CLANG_WARN_SUSPICIOUS_MOVE = YES;
				CLANG_WARN_UNGUARDED_AVAILABILITY = YES_AGGRESSIVE;
				CLANG_WARN_UNREACHABLE_CODE = YES;
				CLANG_WARN__DUPLICATE_METHOD_MATCH = YES;
				COPY_PHASE_STRIP = NO;
				DEBUG_INFORMATION_FORMAT = "dwarf-with-dsym";
				ENABLE_NS_ASSERTIONS = NO;
				ENABLE_STRICT_OBJC_MSGSEND = YES;
				GCC_C_LANGUAGE_STANDARD = gnu11;
				GCC_NO_COMMON_BLOCKS = YES;
				GCC_WARN_64_TO_32_BIT_CONVERSION = YES;
				GCC_WARN_ABOUT_RETURN_TYPE = YES_ERROR;
				GCC_WARN_UNDECLARED_SELECTOR = YES;
				GCC_WARN_UNINITIALIZED_AUTOS = YES_AGGRESSIVE;
				GCC_WARN_UNUSED_FUNCTION = YES;
				GCC_WARN_UNUSED_VARIABLE = YES;
				IPHONEOS_DEPLOYMENT_TARGET = 13.0;
				MTL_ENABLE_DEBUG_INFO = NO;
				MTL_FAST_MATH = YES;
				SDKROOT = iphoneos;
				SWIFT_COMPILATION_MODE = wholemodule;
				SWIFT_OPTIMIZATION_LEVEL = "-O";
				VALIDATE_PRODUCT = YES;
			};
			name = Release;
		};
		923B6E1E26C2DC8100171061 /* Debug */ = {
			isa = XCBuildConfiguration;
			buildSettings = {
				ASSETCATALOG_COMPILER_APPICON_NAME = AppIcon;
				ASSETCATALOG_COMPILER_GLOBAL_ACCENT_COLOR_NAME = AccentColor;
				CODE_SIGN_STYLE = Automatic;
				DEVELOPMENT_TEAM = 5Q9X479638;
				INFOPLIST_FILE = "Twitrack/Supporting Files/Info.plist";
				IPHONEOS_DEPLOYMENT_TARGET = 13.0;
				LD_RUNPATH_SEARCH_PATHS = (
					"$(inherited)",
					"@executable_path/Frameworks",
				);
				PRODUCT_BUNDLE_IDENTIFIER = net.nishco.Twitrack;
				PRODUCT_NAME = "$(TARGET_NAME)";
				SWIFT_VERSION = 5.0;
				TARGETED_DEVICE_FAMILY = "1,2";
			};
			name = Debug;
		};
		923B6E1F26C2DC8100171061 /* Release */ = {
			isa = XCBuildConfiguration;
			buildSettings = {
				ASSETCATALOG_COMPILER_APPICON_NAME = AppIcon;
				ASSETCATALOG_COMPILER_GLOBAL_ACCENT_COLOR_NAME = AccentColor;
				CODE_SIGN_STYLE = Automatic;
				DEVELOPMENT_TEAM = 5Q9X479638;
				INFOPLIST_FILE = "Twitrack/Supporting Files/Info.plist";
				IPHONEOS_DEPLOYMENT_TARGET = 13.0;
				LD_RUNPATH_SEARCH_PATHS = (
					"$(inherited)",
					"@executable_path/Frameworks",
				);
				PRODUCT_BUNDLE_IDENTIFIER = net.nishco.Twitrack;
				PRODUCT_NAME = "$(TARGET_NAME)";
				SWIFT_VERSION = 5.0;
				TARGETED_DEVICE_FAMILY = "1,2";
			};
			name = Release;
		};
		923B6E2126C2DC8100171061 /* Debug */ = {
			isa = XCBuildConfiguration;
			buildSettings = {
				ALWAYS_EMBED_SWIFT_STANDARD_LIBRARIES = YES;
				BUNDLE_LOADER = "$(TEST_HOST)";
				CODE_SIGN_STYLE = Automatic;
				DEVELOPMENT_TEAM = 5Q9X479638;
				INFOPLIST_FILE = TwitrackTests/Info.plist;
				IPHONEOS_DEPLOYMENT_TARGET = 14.5;
				LD_RUNPATH_SEARCH_PATHS = (
					"$(inherited)",
					"@executable_path/Frameworks",
					"@loader_path/Frameworks",
				);
				PRODUCT_BUNDLE_IDENTIFIER = net.nishco.TwitrackTests;
				PRODUCT_NAME = "$(TARGET_NAME)";
				SWIFT_VERSION = 5.0;
				TARGETED_DEVICE_FAMILY = "1,2";
				TEST_HOST = "$(BUILT_PRODUCTS_DIR)/Twitrack.app/Twitrack";
			};
			name = Debug;
		};
		923B6E2226C2DC8100171061 /* Release */ = {
			isa = XCBuildConfiguration;
			buildSettings = {
				ALWAYS_EMBED_SWIFT_STANDARD_LIBRARIES = YES;
				BUNDLE_LOADER = "$(TEST_HOST)";
				CODE_SIGN_STYLE = Automatic;
				DEVELOPMENT_TEAM = 5Q9X479638;
				INFOPLIST_FILE = TwitrackTests/Info.plist;
				IPHONEOS_DEPLOYMENT_TARGET = 14.5;
				LD_RUNPATH_SEARCH_PATHS = (
					"$(inherited)",
					"@executable_path/Frameworks",
					"@loader_path/Frameworks",
				);
				PRODUCT_BUNDLE_IDENTIFIER = net.nishco.TwitrackTests;
				PRODUCT_NAME = "$(TARGET_NAME)";
				SWIFT_VERSION = 5.0;
				TARGETED_DEVICE_FAMILY = "1,2";
				TEST_HOST = "$(BUILT_PRODUCTS_DIR)/Twitrack.app/Twitrack";
			};
			name = Release;
		};
		923B6E2426C2DC8100171061 /* Debug */ = {
			isa = XCBuildConfiguration;
			buildSettings = {
				ALWAYS_EMBED_SWIFT_STANDARD_LIBRARIES = YES;
				CODE_SIGN_STYLE = Automatic;
				DEVELOPMENT_TEAM = 5Q9X479638;
				INFOPLIST_FILE = TwitrackUITests/Info.plist;
				LD_RUNPATH_SEARCH_PATHS = (
					"$(inherited)",
					"@executable_path/Frameworks",
					"@loader_path/Frameworks",
				);
				PRODUCT_BUNDLE_IDENTIFIER = net.nishco.TwitrackUITests;
				PRODUCT_NAME = "$(TARGET_NAME)";
				SWIFT_VERSION = 5.0;
				TARGETED_DEVICE_FAMILY = "1,2";
				TEST_TARGET_NAME = Twitrack;
			};
			name = Debug;
		};
		923B6E2526C2DC8100171061 /* Release */ = {
			isa = XCBuildConfiguration;
			buildSettings = {
				ALWAYS_EMBED_SWIFT_STANDARD_LIBRARIES = YES;
				CODE_SIGN_STYLE = Automatic;
				DEVELOPMENT_TEAM = 5Q9X479638;
				INFOPLIST_FILE = TwitrackUITests/Info.plist;
				LD_RUNPATH_SEARCH_PATHS = (
					"$(inherited)",
					"@executable_path/Frameworks",
					"@loader_path/Frameworks",
				);
				PRODUCT_BUNDLE_IDENTIFIER = net.nishco.TwitrackUITests;
				PRODUCT_NAME = "$(TARGET_NAME)";
				SWIFT_VERSION = 5.0;
				TARGETED_DEVICE_FAMILY = "1,2";
				TEST_TARGET_NAME = Twitrack;
			};
			name = Release;
		};
/* End XCBuildConfiguration section */

/* Begin XCConfigurationList section */
		923B6DEB26C2DC7E00171061 /* Build configuration list for PBXProject "Twitrack" */ = {
			isa = XCConfigurationList;
			buildConfigurations = (
				923B6E1B26C2DC8100171061 /* Debug */,
				923B6E1C26C2DC8100171061 /* Release */,
			);
			defaultConfigurationIsVisible = 0;
			defaultConfigurationName = Release;
		};
		923B6E1D26C2DC8100171061 /* Build configuration list for PBXNativeTarget "Twitrack" */ = {
			isa = XCConfigurationList;
			buildConfigurations = (
				923B6E1E26C2DC8100171061 /* Debug */,
				923B6E1F26C2DC8100171061 /* Release */,
			);
			defaultConfigurationIsVisible = 0;
			defaultConfigurationName = Release;
		};
		923B6E2026C2DC8100171061 /* Build configuration list for PBXNativeTarget "TwitrackTests" */ = {
			isa = XCConfigurationList;
			buildConfigurations = (
				923B6E2126C2DC8100171061 /* Debug */,
				923B6E2226C2DC8100171061 /* Release */,
			);
			defaultConfigurationIsVisible = 0;
			defaultConfigurationName = Release;
		};
		923B6E2326C2DC8100171061 /* Build configuration list for PBXNativeTarget "TwitrackUITests" */ = {
			isa = XCConfigurationList;
			buildConfigurations = (
				923B6E2426C2DC8100171061 /* Debug */,
				923B6E2526C2DC8100171061 /* Release */,
			);
			defaultConfigurationIsVisible = 0;
			defaultConfigurationName = Release;
		};
/* End XCConfigurationList section */

/* Begin XCRemoteSwiftPackageReference section */
		9213FC932882C0CB009B1DAF /* XCRemoteSwiftPackageReference "Swifter" */ = {
			isa = XCRemoteSwiftPackageReference;
			repositoryURL = "https://github.com/mattdonnelly/Swifter";
			requirement = {
				branch = master;
				kind = branch;
			};
		};
		9213FC962882C0DC009B1DAF /* XCRemoteSwiftPackageReference "TwitterStreamService" */ = {
			isa = XCRemoteSwiftPackageReference;
			repositoryURL = "https://github.com/mladen2/TwitterStreamService";
			requirement = {
				kind = upToNextMajorVersion;
				minimumVersion = 0.1.2;
			};
		};
/* End XCRemoteSwiftPackageReference section */

/* Begin XCSwiftPackageProductDependency section */
		9213FC942882C0CB009B1DAF /* Swifter */ = {
			isa = XCSwiftPackageProductDependency;
			package = 9213FC932882C0CB009B1DAF /* XCRemoteSwiftPackageReference "Swifter" */;
			productName = Swifter;
		};
		9213FC972882C0DC009B1DAF /* TwitterStreamService */ = {
			isa = XCSwiftPackageProductDependency;
			package = 9213FC962882C0DC009B1DAF /* XCRemoteSwiftPackageReference "TwitterStreamService" */;
			productName = TwitterStreamService;
		};
/* End XCSwiftPackageProductDependency section */

/* Begin XCVersionGroup section */
		923B6DFC26C2DC7E00171061 /* Twitrack.xcdatamodeld */ = {
			isa = XCVersionGroup;
			children = (
				923B6DFD26C2DC7E00171061 /* Twitrack.xcdatamodel */,
			);
			currentVersion = 923B6DFD26C2DC7E00171061 /* Twitrack.xcdatamodel */;
			path = Twitrack.xcdatamodeld;
			sourceTree = "<group>";
			versionGroupType = wrapper.xcdatamodel;
		};
/* End XCVersionGroup section */
	};
	rootObject = 923B6DE826C2DC7E00171061 /* Project object */;
}
